
Microsoft Visual Studio Solution File, Format Version 12.00
# Visual Studio Version 17
VisualStudioVersion = 17.2.32630.192
MinimumVisualStudioVersion = 10.0.40219.1
Project("{9A19103F-16F7-4668-BE54-9A1E7A4F7556}") = "webApis.net", "webApis.net.csproj", "{C6314348-EDAA-4398-8AEC-08AA89A45EDC}"
EndProject
Global
	GlobalSection(SolutionConfigurationPlatforms) = preSolution
		Debug|Any CPU = Debug|Any CPU
		Release|Any CPU = Release|Any CPU
	EndGlobalSection
	GlobalSection(ProjectConfigurationPlatforms) = postSolution
		{C6314348-EDAA-4398-8AEC-08AA89A45EDC}.Debug|Any CPU.ActiveCfg = Debug|Any CPU
		{C6314348-EDAA-4398-8AEC-08AA89A45EDC}.Debug|Any CPU.Build.0 = Debug|Any CPU
		{C6314348-EDAA-4398-8AEC-08AA89A45EDC}.Release|Any CPU.ActiveCfg = Release|Any CPU
		{C6314348-EDAA-4398-8AEC-08AA89A45EDC}.Release|Any CPU.Build.0 = Release|Any CPU
	EndGlobalSection
	GlobalSection(SolutionProperties) = preSolution
		HideSolutionNode = FALSE
	EndGlobalSection
	GlobalSection(ExtensibilityGlobals) = postSolution
		SolutionGuid = {5CC16CF0-6EB5-4150-9C56-92E52B6577BB}
	EndGlobalSection
EndGlobal
